
Microsoft Visual Studio Solution File, Format Version 12.00
# Visual Studio Version 16
VisualStudioVersion = 16.0.29215.179
MinimumVisualStudioVersion = 10.0.40219.1
Project("{9A19103F-16F7-4668-BE54-9A1E7A4F7556}") = "Favalon.Shell", "Favalon.Shell\Favalon.Shell.csproj", "{6919A42C-3DFD-478C-9B80-31A054066DC8}"
EndProject
Project("{FAE04EC0-301F-11D3-BF4B-00C04F79EFBC}") = "Favalon.Core", "Favalon.Core\Favalon.Core.csproj", "{349B0DCF-7E5B-456F-81C3-2D396DDF2AE9}"
EndProject
Project("{FAE04EC0-301F-11D3-BF4B-00C04F79EFBC}") = "Favalon.Core.Tests", "Favalon.Core.Tests\Favalon.Core.Tests.csproj", "{BFD65ED4-B1ED-4692-958A-9CFE45FFDCA8}"
EndProject
Global
	GlobalSection(SolutionConfigurationPlatforms) = preSolution
		Debug|Any CPU = Debug|Any CPU
		Release|Any CPU = Release|Any CPU
	EndGlobalSection
	GlobalSection(ProjectConfigurationPlatforms) = postSolution
		{6919A42C-3DFD-478C-9B80-31A054066DC8}.Debug|Any CPU.ActiveCfg = Debug|Any CPU
		{6919A42C-3DFD-478C-9B80-31A054066DC8}.Debug|Any CPU.Build.0 = Debug|Any CPU
		{6919A42C-3DFD-478C-9B80-31A054066DC8}.Release|Any CPU.ActiveCfg = Release|Any CPU
		{6919A42C-3DFD-478C-9B80-31A054066DC8}.Release|Any CPU.Build.0 = Release|Any CPU
		{349B0DCF-7E5B-456F-81C3-2D396DDF2AE9}.Debug|Any CPU.ActiveCfg = Debug|Any CPU
		{349B0DCF-7E5B-456F-81C3-2D396DDF2AE9}.Debug|Any CPU.Build.0 = Debug|Any CPU
		{349B0DCF-7E5B-456F-81C3-2D396DDF2AE9}.Release|Any CPU.ActiveCfg = Release|Any CPU
		{349B0DCF-7E5B-456F-81C3-2D396DDF2AE9}.Release|Any CPU.Build.0 = Release|Any CPU
		{BFD65ED4-B1ED-4692-958A-9CFE45FFDCA8}.Debug|Any CPU.ActiveCfg = Debug|Any CPU
		{BFD65ED4-B1ED-4692-958A-9CFE45FFDCA8}.Debug|Any CPU.Build.0 = Debug|Any CPU
		{BFD65ED4-B1ED-4692-958A-9CFE45FFDCA8}.Release|Any CPU.ActiveCfg = Release|Any CPU
		{BFD65ED4-B1ED-4692-958A-9CFE45FFDCA8}.Release|Any CPU.Build.0 = Release|Any CPU
	EndGlobalSection
	GlobalSection(SolutionProperties) = preSolution
		HideSolutionNode = FALSE
	EndGlobalSection
	GlobalSection(ExtensibilityGlobals) = postSolution
		SolutionGuid = {A753C725-8B93-40AE-AB4C-5F5C4A1B43A2}
	EndGlobalSection
EndGlobal
